
Microsoft Visual Studio Solution File, Format Version 12.00
# Visual Studio Version 16
VisualStudioVersion = 16.0.32630.194
MinimumVisualStudioVersion = 10.0.40219.1
Project("{FAE04EC0-301F-11D3-BF4B-00C04F79EFBC}") = "Singleton", "Singleton\Singleton.csproj", "{EB9E1EE5-DC84-481B-9736-56D40823F102}"
EndProject
Project("{FAE04EC0-301F-11D3-BF4B-00C04F79EFBC}") = "Decorator", "Decorator\Decorator.csproj", "{9F15B2C8-4B9B-4AD0-B781-23C17CAA21D0}"
EndProject
Global
	GlobalSection(SolutionConfigurationPlatforms) = preSolution
		Debug|Any CPU = Debug|Any CPU
		Release|Any CPU = Release|Any CPU
	EndGlobalSection
	GlobalSection(ProjectConfigurationPlatforms) = postSolution
		{EB9E1EE5-DC84-481B-9736-56D40823F102}.Debug|Any CPU.ActiveCfg = Debug|Any CPU
		{EB9E1EE5-DC84-481B-9736-56D40823F102}.Debug|Any CPU.Build.0 = Debug|Any CPU
		{EB9E1EE5-DC84-481B-9736-56D40823F102}.Release|Any CPU.ActiveCfg = Release|Any CPU
		{EB9E1EE5-DC84-481B-9736-56D40823F102}.Release|Any CPU.Build.0 = Release|Any CPU
		{9F15B2C8-4B9B-4AD0-B781-23C17CAA21D0}.Debug|Any CPU.ActiveCfg = Debug|Any CPU
		{9F15B2C8-4B9B-4AD0-B781-23C17CAA21D0}.Debug|Any CPU.Build.0 = Debug|Any CPU
		{9F15B2C8-4B9B-4AD0-B781-23C17CAA21D0}.Release|Any CPU.ActiveCfg = Release|Any CPU
		{9F15B2C8-4B9B-4AD0-B781-23C17CAA21D0}.Release|Any CPU.Build.0 = Release|Any CPU
	EndGlobalSection
	GlobalSection(SolutionProperties) = preSolution
		HideSolutionNode = FALSE
	EndGlobalSection
	GlobalSection(ExtensibilityGlobals) = postSolution
		SolutionGuid = {23542607-0BAA-414D-B087-3BBC6512AB50}
	EndGlobalSection
EndGlobal
